
Microsoft Visual Studio Solution File, Format Version 12.00
# Visual Studio 15
VisualStudioVersion = 15.0.28307.329
MinimumVisualStudioVersion = 10.0.40219.1
Project("{FAE04EC0-301F-11D3-BF4B-00C04F79EFBC}") = "Gurux.MQTT", "Gurux.MQTT.csproj", "{6E92C757-4F41-4748-BD0F-53BA8CE6E8B5}"
EndProject
Global
	GlobalSection(SolutionConfigurationPlatforms) = preSolution
		Debug|Any CPU = Debug|Any CPU
		Release|Any CPU = Release|Any CPU
	EndGlobalSection
	GlobalSection(ProjectConfigurationPlatforms) = postSolution
		{6E92C757-4F41-4748-BD0F-53BA8CE6E8B5}.Debug|Any CPU.ActiveCfg = Debug|Any CPU
		{6E92C757-4F41-4748-BD0F-53BA8CE6E8B5}.Debug|Any CPU.Build.0 = Debug|Any CPU
		{6E92C757-4F41-4748-BD0F-53BA8CE6E8B5}.Release|Any CPU.ActiveCfg = Release|Any CPU
		{6E92C757-4F41-4748-BD0F-53BA8CE6E8B5}.Release|Any CPU.Build.0 = Release|Any CPU
	EndGlobalSection
	GlobalSection(SolutionProperties) = preSolution
		HideSolutionNode = FALSE
	EndGlobalSection
	GlobalSection(ExtensibilityGlobals) = postSolution
		SolutionGuid = {821EAF04-1509-4A10-BCC8-BE2BBC690020}
	EndGlobalSection
EndGlobal
